Microsoft Visual Studio Solution File, Format Version 12.00
# Visual Studio Version 17
VisualStudioVersion = 17.0.31903.59
MinimumVisualStudioVersion = 10.0.40219.1
Project("{2150E333-8FDC-42A3-9474-1A3956D46DE8}") = "001- Framework", "001- Framework", "{F37FA583-9C47-4F7B-9A82-ADA1D884128E}"
EndProject
Project("{2150E333-8FDC-42A3-9474-1A3956D46DE8}") = "010- Shared Kernel", "010- Shared Kernel", "{4D1778E6-A644-43D8-A2D5-46738811259B}"
EndProject
Project("{2150E333-8FDC-42A3-9474-1A3956D46DE8}") = "020-Core", "020-Core", "{DCD86058-B456-4620-8B0A-142EFC471AF3}"
EndProject
Project("{2150E333-8FDC-42A3-9474-1A3956D46DE8}") = "010-Domain", "010-Domain", "{5B45B7C9-7804-45C5-A325-A673F154BDA2}"
EndProject
Project("{2150E333-8FDC-42A3-9474-1A3956D46DE8}") = "030-Application", "030-Application", "{4422A733-70C5-4B6B-8FA1-B131F27AB0EA}"
EndProject
Project("{2150E333-8FDC-42A3-9474-1A3956D46DE8}") = "030-Infrastructure", "030-Infrastructure", "{45ED9A8B-CE12-42E4-8DCB-D6F05870EEF7}"
EndProject
Project("{2150E333-8FDC-42A3-9474-1A3956D46DE8}") = "110-Database", "110-Database", "{98E5446E-E612-41AB-A3D9-704756615AD9}"
EndProject
Project("{2150E333-8FDC-42A3-9474-1A3956D46DE8}") = "210-Database Data Access", "210-Database Data Access", "{25084848-3228-463F-8A34-F5F44BABFD03}"
EndProject
Project("{2150E333-8FDC-42A3-9474-1A3956D46DE8}") = "220-Data Cache", "220-Data Cache", "{F81F57A1-ED4A-4893-BF60-652C8E10D5ED}"
EndProject
Project("{2150E333-8FDC-42A3-9474-1A3956D46DE8}") = "800-Web Services", "800-Web Services", "{AAC7B6E3-0DDC-40A5-AAB5-0D486BCD8ADF}"
EndProject
Project("{2150E333-8FDC-42A3-9474-1A3956D46DE8}") = "900-Backend Services", "900-Backend Services", "{DA7B004D-32D6-4B67-BFD5-D0FA21551E78}"
EndProject
Project("{2150E333-8FDC-42A3-9474-1A3956D46DE8}") = "040-User Interfaces", "040-User Interfaces", "{8DBAFF24-B20F-49DF-B6FE-8E656CF824CE}"
EndProject
Project("{2150E333-8FDC-42A3-9474-1A3956D46DE8}") = "010-Web UI", "010-Web UI", "{BA3906A0-498C-4038-A1F8-5B26191759DD}"
EndProject
Project("{2150E333-8FDC-42A3-9474-1A3956D46DE8}") = "050-Testing", "050-Testing", "{BC423AEB-75B8-489E-82BD-3A9D2F511EE0}"
EndProject
Project("{2150E333-8FDC-42A3-9474-1A3956D46DE8}") = "010-Unit Tests", "010-Unit Tests", "{D304B44B-65FE-4154-A1A8-5869B49358FD}"
EndProject
Project("{2150E333-8FDC-42A3-9474-1A3956D46DE8}") = "070-Documents", "070-Documents", "{A5BB1482-9A45-4B68-8ACC-F35F7F041C3A}"
EndProject
Project("{2150E333-8FDC-42A3-9474-1A3956D46DE8}") = "010-Database Documents", "010-Database Documents", "{71FE7B9D-747B-4D0A-AD30-EE1FA19ADDEA}"
EndProject
Project("{2150E333-8FDC-42A3-9474-1A3956D46DE8}") = "020-API Documents", "020-API Documents", "{6445FBBF-EE4D-4826-8F14-04C7641DE9BE}"
EndProject
Project("{2150E333-8FDC-42A3-9474-1A3956D46DE8}") = "080-Deployments", "080-Deployments", "{8A61830F-B30B-4570-B294-E0460C7C85CA}"
EndProject
Project("{2150E333-8FDC-42A3-9474-1A3956D46DE8}") = "090-Others", "090-Others", "{D18C2B25-CFFF-44EC-B0ED-80C679FAAE38}"
EndProject
Project("{9A19103F-16F7-4668-BE54-9A1E7A4F7556}") = "Obfuscator", "Framework\Obfuscator\Obfuscator.csproj", "{00200030-6010-0010-0000-000000000000}"
EndProject
Project("{9A19103F-16F7-4668-BE54-9A1E7A4F7556}") = "StorageProvider", "Framework\StorageProvider\StorageProvider.csproj", "{00200030-6050-0010-0000-000000000000}"
EndProject
Project("{9A19103F-16F7-4668-BE54-9A1E7A4F7556}") = "MessageHub", "Framework\MessageHub\MessageHub.csproj", "{00200030-6020-0010-0000-000000000000}"
EndProject
Project("{9A19103F-16F7-4668-BE54-9A1E7A4F7556}") = "KeyVault", "Framework\KeyVault\KeyVault.csproj", "{00200030-6040-0010-0000-000000000000}"
EndProject
Project("{9A19103F-16F7-4668-BE54-9A1E7A4F7556}") = "DataCache", "Framework\DataCache\DataCache.csproj", "{00200030-6030-0010-0000-000000000000}"
EndProject
Project("{9A19103F-16F7-4668-BE54-9A1E7A4F7556}") = "SharedKernal.Libraries", "SharedKernal\SharedKernal.Libraries\SharedKernal.Libraries.csproj", "{00200030-1010-0010-0000-000000000000}"
EndProject
Project("{9A19103F-16F7-4668-BE54-9A1E7A4F7556}") = "SharedKernal.Resources", "SharedKernal\SharedKernal.Resources\SharedKernal.Resources.csproj", "{00200030-1010-0020-0000-000000000000}"
EndProject
Project("{9A19103F-16F7-4668-BE54-9A1E7A4F7556}") = "Core.Domain.SharedLibrary", "Core\Domain\Core.Domain.SharedLibrary\Core.Domain.SharedLibrary.csproj", "{00200030-2010-0010-0000-000000000000}"
EndProject
Project("{9A19103F-16F7-4668-BE54-9A1E7A4F7556}") = "Core.Domain.DataModel", "Core\Domain\Core.Domain.DataModel\Core.Domain.DataModel.csproj", "{00200030-2010-0020-0000-000000000000}"
EndProject
Project("{9A19103F-16F7-4668-BE54-9A1E7A4F7556}") = "Core.Application.DataEntities.Interfaces", "Core\Application\Core.Application.DataEntities.Interfaces\Core.Application.DataEntities.Interfaces.csproj", "{00200030-2020-0020-0000-000000000000}"
EndProject
Project("{9A19103F-16F7-4668-BE54-9A1E7A4F7556}") = "Core.Application.DataModels", "Core\Application\Core.Application.DataModels\Core.Application.DataModels.csproj", "{00200030-2020-0060-0000-000000000000}"
EndProject
Project("{9A19103F-16F7-4668-BE54-9A1E7A4F7556}") = "Core.Application.DataRepositories.Interfaces", "Core\Application\Core.Application.DataRepositories.Interfaces\Core.Application.DataRepositories.Interfaces.csproj", "{00200030-2020-0030-0000-000000000000}"
EndProject
Project("{9A19103F-16F7-4668-BE54-9A1E7A4F7556}") = "Core.Application.SharedLibrary", "Core\Application\Core.Application.SharedLibrary\Core.Application.SharedLibrary.csproj", "{00200030-2020-0050-0000-000000000000}"
EndProject
Project("{9A19103F-16F7-4668-BE54-9A1E7A4F7556}") = "Core.Application.DataRepositories.DataModels", "Core\Application\Core.Application.DataRepositories.DataModels\Core.Application.DataRepositories.DataModels.csproj", "{00200030-2020-0080-0000-000000000000}"
EndProject
Project("{9A19103F-16F7-4668-BE54-9A1E7A4F7556}") = "Core.Application.Models", "Core\Application\Core.Application.Models\Core.Application.Models.csproj", "{00200030-2020-0070-0000-000000000000}"
EndProject
Project("{9A19103F-16F7-4668-BE54-9A1E7A4F7556}") = "Core.Application.Interfaces", "Core\Application\Core.Application.Interfaces\Core.Application.Interfaces.csproj", "{00200030-2020-0040-0000-000000000000}"
EndProject
Project("{9A19103F-16F7-4668-BE54-9A1E7A4F7556}") = "Infrastructure.DataRepositories", "Infrastructure\DataAccess\Infrastructure.DataRepositories\Infrastructure.DataRepositories.csproj", "{00200030-3010-0060-0000-000000000000}"
EndProject
Project("{9A19103F-16F7-4668-BE54-9A1E7A4F7556}") = "Infrastructure.SharedLibrary", "Infrastructure\DataAccess\Infrastructure.SharedLibrary\Infrastructure.SharedLibrary.csproj", "{00200030-3010-0020-0000-000000000000}"
EndProject
Project("{9A19103F-16F7-4668-BE54-9A1E7A4F7556}") = "Infrastructure.DataEntities.SqlServer", "Infrastructure\DataAccess\Infrastructure.DataEntities.SqlServer\Infrastructure.DataEntities.SqlServer.csproj", "{00200030-3010-0040-0000-000000000000}"
EndProject
Project("{9A19103F-16F7-4668-BE54-9A1E7A4F7556}") = "Infrastructure.WebService.Services.FaaS", "Infrastructure\WebServices\Infrastructure.WebService.Services.FaaS\Infrastructure.WebService.Services.FaaS.csproj", "{00200030-3010-0140-0000-000000000000}"
EndProject
Project("{9A19103F-16F7-4668-BE54-9A1E7A4F7556}") = "Infrastructure.WebService.Services.PaaS", "Infrastructure\WebServices\Infrastructure.WebService.Services.PaaS\Infrastructure.WebService.Services.PaaS.csproj", "{00200030-3010-0100-0000-000000000000}"
EndProject
Project("{9A19103F-16F7-4668-BE54-9A1E7A4F7556}") = "Infrastructure.WebService.SharedLibrary", "Infrastructure\WebServices\Infrastructure.WebService.SharedLibrary\Infrastructure.WebService.SharedLibrary.csproj", "{00200030-3010-0090-0000-000000000000}"
EndProject
Project("{9A19103F-16F7-4668-BE54-9A1E7A4F7556}") = "Infrastructure.BackendServices.ProvisionService", "Infrastructure\BackendServices\Infrastructure.BackendServices.ProvisionService\Infrastructure.BackendServices.ProvisionService.csproj", "{00200030-3010-0130-0000-000000000000}"
EndProject
Project("{9A19103F-16F7-4668-BE54-9A1E7A4F7556}") = "Infrastructure.BackendServices.SharedLibrary", "Infrastructure\BackendServices\Infrastructure.BackendServices.SharedLibrary\Infrastructure.BackendServices.SharedLibrary.csproj", "{00200030-3010-0120-0000-000000000000}"
EndProject
Project("{54A90642-561A-4BB1-A94E-469ADEE60C69}") = "WebClient", "UI\WebUI\WebClient\WebClient.esproj", "{00200030-4010-0100-0000-000000000000}"
EndProject
Project("{54A90642-561A-4BB1-A94E-469ADEE60C69}") = "DatabaseDocument", "Document\DatabaseDocument\DatabaseDocument.esproj", "{00200030-6000-0010-0000-000000000000}"
EndProject
Project("{54A90642-561A-4BB1-A94E-469ADEE60C69}") = "WebAppDocument", "Document\APIDocument\WebAppDocument.esproj", "{00200030-6000-0020-0000-000000000000}"
EndProject
Global
	GlobalSection(SolutionConfigurationPlatforms) = preSolution
		Debug|Any CPU = Debug|Any CPU
		Release|Any CPU = Release|Any CPU
	EndGlobalSection
	GlobalSection(ProjectConfigurationPlatforms) = postSolution
		{00200030-6010-0010-0000-000000000000}.Debug|Any CPU.ActiveCfg = Debug|Any CPU
		{00200030-6010-0010-0000-000000000000}.Debug|Any CPU.Build.0 = Debug|Any CPU
		{00200030-6010-0010-0000-000000000000}.Release|Any CPU.ActiveCfg = Release|Any CPU
		{00200030-6010-0010-0000-000000000000}.Release|Any CPU.Build.0 = Release|Any CPU
		{00200030-6050-0010-0000-000000000000}.Debug|Any CPU.ActiveCfg = Debug|Any CPU
		{00200030-6050-0010-0000-000000000000}.Debug|Any CPU.Build.0 = Debug|Any CPU
		{00200030-6050-0010-0000-000000000000}.Release|Any CPU.ActiveCfg = Release|Any CPU
		{00200030-6050-0010-0000-000000000000}.Release|Any CPU.Build.0 = Release|Any CPU
		{00200030-6020-0010-0000-000000000000}.Debug|Any CPU.ActiveCfg = Debug|Any CPU
		{00200030-6020-0010-0000-000000000000}.Debug|Any CPU.Build.0 = Debug|Any CPU
		{00200030-6020-0010-0000-000000000000}.Release|Any CPU.ActiveCfg = Release|Any CPU
		{00200030-6020-0010-0000-000000000000}.Release|Any CPU.Build.0 = Release|Any CPU
		{00200030-6040-0010-0000-000000000000}.Debug|Any CPU.ActiveCfg = Debug|Any CPU
		{00200030-6040-0010-0000-000000000000}.Debug|Any CPU.Build.0 = Debug|Any CPU
		{00200030-6040-0010-0000-000000000000}.Release|Any CPU.ActiveCfg = Release|Any CPU
		{00200030-6040-0010-0000-000000000000}.Release|Any CPU.Build.0 = Release|Any CPU
		{00200030-6030-0010-0000-000000000000}.Debug|Any CPU.ActiveCfg = Debug|Any CPU
		{00200030-6030-0010-0000-000000000000}.Debug|Any CPU.Build.0 = Debug|Any CPU
		{00200030-6030-0010-0000-000000000000}.Release|Any CPU.ActiveCfg = Release|Any CPU
		{00200030-6030-0010-0000-000000000000}.Release|Any CPU.Build.0 = Release|Any CPU
		{00200030-1010-0010-0000-000000000000}.Debug|Any CPU.ActiveCfg = Debug|Any CPU
		{00200030-1010-0010-0000-000000000000}.Debug|Any CPU.Build.0 = Debug|Any CPU
		{00200030-1010-0010-0000-000000000000}.Release|Any CPU.ActiveCfg = Release|Any CPU
		{00200030-1010-0010-0000-000000000000}.Release|Any CPU.Build.0 = Release|Any CPU
		{00200030-1010-0020-0000-000000000000}.Debug|Any CPU.ActiveCfg = Debug|Any CPU
		{00200030-1010-0020-0000-000000000000}.Debug|Any CPU.Build.0 = Debug|Any CPU
		{00200030-1010-0020-0000-000000000000}.Release|Any CPU.ActiveCfg = Release|Any CPU
		{00200030-1010-0020-0000-000000000000}.Release|Any CPU.Build.0 = Release|Any CPU
		{00200030-2010-0010-0000-000000000000}.Debug|Any CPU.ActiveCfg = Debug|Any CPU
		{00200030-2010-0010-0000-000000000000}.Debug|Any CPU.Build.0 = Debug|Any CPU
		{00200030-2010-0010-0000-000000000000}.Release|Any CPU.ActiveCfg = Release|Any CPU
		{00200030-2010-0010-0000-000000000000}.Release|Any CPU.Build.0 = Release|Any CPU
		{00200030-2010-0020-0000-000000000000}.Debug|Any CPU.ActiveCfg = Debug|Any CPU
		{00200030-2010-0020-0000-000000000000}.Debug|Any CPU.Build.0 = Debug|Any CPU
		{00200030-2010-0020-0000-000000000000}.Release|Any CPU.ActiveCfg = Release|Any CPU
		{00200030-2010-0020-0000-000000000000}.Release|Any CPU.Build.0 = Release|Any CPU
		{00200030-2020-0020-0000-000000000000}.Debug|Any CPU.ActiveCfg = Debug|Any CPU
		{00200030-2020-0020-0000-000000000000}.Debug|Any CPU.Build.0 = Debug|Any CPU
		{00200030-2020-0020-0000-000000000000}.Release|Any CPU.ActiveCfg = Release|Any CPU
		{00200030-2020-0020-0000-000000000000}.Release|Any CPU.Build.0 = Release|Any CPU
		{00200030-2020-0060-0000-000000000000}.Debug|Any CPU.ActiveCfg = Debug|Any CPU
		{00200030-2020-0060-0000-000000000000}.Debug|Any CPU.Build.0 = Debug|Any CPU
		{00200030-2020-0060-0000-000000000000}.Release|Any CPU.ActiveCfg = Release|Any CPU
		{00200030-2020-0060-0000-000000000000}.Release|Any CPU.Build.0 = Release|Any CPU
		{00200030-2020-0030-0000-000000000000}.Debug|Any CPU.ActiveCfg = Debug|Any CPU
		{00200030-2020-0030-0000-000000000000}.Debug|Any CPU.Build.0 = Debug|Any CPU
		{00200030-2020-0030-0000-000000000000}.Release|Any CPU.ActiveCfg = Release|Any CPU
		{00200030-2020-0030-0000-000000000000}.Release|Any CPU.Build.0 = Release|Any CPU
		{00200030-2020-0050-0000-000000000000}.Debug|Any CPU.ActiveCfg = Debug|Any CPU
		{00200030-2020-0050-0000-000000000000}.Debug|Any CPU.Build.0 = Debug|Any CPU
		{00200030-2020-0050-0000-000000000000}.Release|Any CPU.ActiveCfg = Release|Any CPU
		{00200030-2020-0050-0000-000000000000}.Release|Any CPU.Build.0 = Release|Any CPU
		{00200030-2020-0080-0000-000000000000}.Debug|Any CPU.ActiveCfg = Debug|Any CPU
		{00200030-2020-0080-0000-000000000000}.Debug|Any CPU.Build.0 = Debug|Any CPU
		{00200030-2020-0080-0000-000000000000}.Release|Any CPU.ActiveCfg = Release|Any CPU
		{00200030-2020-0080-0000-000000000000}.Release|Any CPU.Build.0 = Release|Any CPU
		{00200030-2020-0070-0000-000000000000}.Debug|Any CPU.ActiveCfg = Debug|Any CPU
		{00200030-2020-0070-0000-000000000000}.Debug|Any CPU.Build.0 = Debug|Any CPU
		{00200030-2020-0070-0000-000000000000}.Release|Any CPU.ActiveCfg = Release|Any CPU
		{00200030-2020-0070-0000-000000000000}.Release|Any CPU.Build.0 = Release|Any CPU
		{00200030-2020-0040-0000-000000000000}.Debug|Any CPU.ActiveCfg = Debug|Any CPU
		{00200030-2020-0040-0000-000000000000}.Debug|Any CPU.Build.0 = Debug|Any CPU
		{00200030-2020-0040-0000-000000000000}.Release|Any CPU.ActiveCfg = Release|Any CPU
		{00200030-2020-0040-0000-000000000000}.Release|Any CPU.Build.0 = Release|Any CPU
		{00200030-3010-0060-0000-000000000000}.Debug|Any CPU.ActiveCfg = Debug|Any CPU
		{00200030-3010-0060-0000-000000000000}.Debug|Any CPU.Build.0 = Debug|Any CPU
		{00200030-3010-0060-0000-000000000000}.Release|Any CPU.ActiveCfg = Release|Any CPU
		{00200030-3010-0060-0000-000000000000}.Release|Any CPU.Build.0 = Release|Any CPU
		{00200030-3010-0020-0000-000000000000}.Debug|Any CPU.ActiveCfg = Debug|Any CPU
		{00200030-3010-0020-0000-000000000000}.Debug|Any CPU.Build.0 = Debug|Any CPU
		{00200030-3010-0020-0000-000000000000}.Release|Any CPU.ActiveCfg = Release|Any CPU
		{00200030-3010-0020-0000-000000000000}.Release|Any CPU.Build.0 = Release|Any CPU
		{00200030-3010-0040-0000-000000000000}.Debug|Any CPU.ActiveCfg = Debug|Any CPU
		{00200030-3010-0040-0000-000000000000}.Debug|Any CPU.Build.0 = Debug|Any CPU
		{00200030-3010-0040-0000-000000000000}.Release|Any CPU.ActiveCfg = Release|Any CPU
		{00200030-3010-0040-0000-000000000000}.Release|Any CPU.Build.0 = Release|Any CPU
		{00200030-3010-0140-0000-000000000000}.Debug|Any CPU.ActiveCfg = Debug|Any CPU
		{00200030-3010-0140-0000-000000000000}.Debug|Any CPU.Build.0 = Debug|Any CPU
		{00200030-3010-0140-0000-000000000000}.Release|Any CPU.ActiveCfg = Release|Any CPU
		{00200030-3010-0140-0000-000000000000}.Release|Any CPU.Build.0 = Release|Any CPU
		{00200030-3010-0100-0000-000000000000}.Debug|Any CPU.ActiveCfg = Debug|Any CPU
		{00200030-3010-0100-0000-000000000000}.Debug|Any CPU.Build.0 = Debug|Any CPU
		{00200030-3010-0100-0000-000000000000}.Release|Any CPU.ActiveCfg = Release|Any CPU
		{00200030-3010-0100-0000-000000000000}.Release|Any CPU.Build.0 = Release|Any CPU
		{00200030-3010-0090-0000-000000000000}.Debug|Any CPU.ActiveCfg = Debug|Any CPU
		{00200030-3010-0090-0000-000000000000}.Debug|Any CPU.Build.0 = Debug|Any CPU
		{00200030-3010-0090-0000-000000000000}.Release|Any CPU.ActiveCfg = Release|Any CPU
		{00200030-3010-0090-0000-000000000000}.Release|Any CPU.Build.0 = Release|Any CPU
		{00200030-3010-0130-0000-000000000000}.Debug|Any CPU.ActiveCfg = Debug|Any CPU
		{00200030-3010-0130-0000-000000000000}.Debug|Any CPU.Build.0 = Debug|Any CPU
		{00200030-3010-0130-0000-000000000000}.Release|Any CPU.ActiveCfg = Release|Any CPU
		{00200030-3010-0130-0000-000000000000}.Release|Any CPU.Build.0 = Release|Any CPU
		{00200030-3010-0120-0000-000000000000}.Debug|Any CPU.ActiveCfg = Debug|Any CPU
		{00200030-3010-0120-0000-000000000000}.Debug|Any CPU.Build.0 = Debug|Any CPU
		{00200030-3010-0120-0000-000000000000}.Release|Any CPU.ActiveCfg = Release|Any CPU
		{00200030-3010-0120-0000-000000000000}.Release|Any CPU.Build.0 = Release|Any CPU
		{00200030-4010-0100-0000-000000000000}.Debug|Any CPU.ActiveCfg = Debug|Any CPU
		{00200030-4010-0100-0000-000000000000}.Debug|Any CPU.Build.0 = Debug|Any CPU
		{00200030-4010-0100-0000-000000000000}.Debug|Any CPU.Deploy.0 = Debug|Any CPU
		{00200030-4010-0100-0000-000000000000}.Release|Any CPU.ActiveCfg = Release|Any CPU
		{00200030-4010-0100-0000-000000000000}.Release|Any CPU.Build.0 = Release|Any CPU
		{00200030-4010-0100-0000-000000000000}.Release|Any CPU.Deploy.0 = Release|Any CPU
		{00200030-6000-0010-0000-000000000000}.Debug|Any CPU.ActiveCfg = Debug|Any CPU
		{00200030-6000-0010-0000-000000000000}.Debug|Any CPU.Build.0 = Debug|Any CPU
		{00200030-6000-0010-0000-000000000000}.Debug|Any CPU.Deploy.0 = Debug|Any CPU
		{00200030-6000-0010-0000-000000000000}.Release|Any CPU.ActiveCfg = Release|Any CPU
		{00200030-6000-0010-0000-000000000000}.Release|Any CPU.Build.0 = Release|Any CPU
		{00200030-6000-0010-0000-000000000000}.Release|Any CPU.Deploy.0 = Release|Any CPU
		{00200030-6000-0020-0000-000000000000}.Debug|Any CPU.ActiveCfg = Debug|Any CPU
		{00200030-6000-0020-0000-000000000000}.Debug|Any CPU.Build.0 = Debug|Any CPU
		{00200030-6000-0020-0000-000000000000}.Debug|Any CPU.Deploy.0 = Debug|Any CPU
		{00200030-6000-0020-0000-000000000000}.Release|Any CPU.ActiveCfg = Release|Any CPU
		{00200030-6000-0020-0000-000000000000}.Release|Any CPU.Build.0 = Release|Any CPU
		{00200030-6000-0020-0000-000000000000}.Release|Any CPU.Deploy.0 = Release|Any CPU
	EndGlobalSection
	GlobalSection(SolutionProperties) = preSolution
		HideSolutionNode = FALSE
	EndGlobalSection
	GlobalSection(NestedProjects) = preSolution
		{5B45B7C9-7804-45C5-A325-A673F154BDA2} = {DCD86058-B456-4620-8B0A-142EFC471AF3}
		{4422A733-70C5-4B6B-8FA1-B131F27AB0EA} = {DCD86058-B456-4620-8B0A-142EFC471AF3}
		{98E5446E-E612-41AB-A3D9-704756615AD9} = {45ED9A8B-CE12-42E4-8DCB-D6F05870EEF7}
		{25084848-3228-463F-8A34-F5F44BABFD03} = {45ED9A8B-CE12-42E4-8DCB-D6F05870EEF7}
		{F81F57A1-ED4A-4893-BF60-652C8E10D5ED} = {45ED9A8B-CE12-42E4-8DCB-D6F05870EEF7}
		{AAC7B6E3-0DDC-40A5-AAB5-0D486BCD8ADF} = {45ED9A8B-CE12-42E4-8DCB-D6F05870EEF7}
		{DA7B004D-32D6-4B67-BFD5-D0FA21551E78} = {45ED9A8B-CE12-42E4-8DCB-D6F05870EEF7}
		{BA3906A0-498C-4038-A1F8-5B26191759DD} = {8DBAFF24-B20F-49DF-B6FE-8E656CF824CE}
		{D304B44B-65FE-4154-A1A8-5869B49358FD} = {BC423AEB-75B8-489E-82BD-3A9D2F511EE0}
		{71FE7B9D-747B-4D0A-AD30-EE1FA19ADDEA} = {A5BB1482-9A45-4B68-8ACC-F35F7F041C3A}
		{6445FBBF-EE4D-4826-8F14-04C7641DE9BE} = {A5BB1482-9A45-4B68-8ACC-F35F7F041C3A}
		{00200030-6010-0010-0000-000000000000} = {F37FA583-9C47-4F7B-9A82-ADA1D884128E}
		{00200030-6050-0010-0000-000000000000} = {F37FA583-9C47-4F7B-9A82-ADA1D884128E}
		{00200030-6020-0010-0000-000000000000} = {F37FA583-9C47-4F7B-9A82-ADA1D884128E}
		{00200030-6040-0010-0000-000000000000} = {F37FA583-9C47-4F7B-9A82-ADA1D884128E}
		{00200030-6030-0010-0000-000000000000} = {F37FA583-9C47-4F7B-9A82-ADA1D884128E}
		{00200030-1010-0010-0000-000000000000} = {4D1778E6-A644-43D8-A2D5-46738811259B}
		{00200030-1010-0020-0000-000000000000} = {4D1778E6-A644-43D8-A2D5-46738811259B}
		{00200030-2010-0010-0000-000000000000} = {5B45B7C9-7804-45C5-A325-A673F154BDA2}
		{00200030-2010-0020-0000-000000000000} = {5B45B7C9-7804-45C5-A325-A673F154BDA2}
		{00200030-2020-0020-0000-000000000000} = {4422A733-70C5-4B6B-8FA1-B131F27AB0EA}
		{00200030-2020-0060-0000-000000000000} = {4422A733-70C5-4B6B-8FA1-B131F27AB0EA}
		{00200030-2020-0030-0000-000000000000} = {4422A733-70C5-4B6B-8FA1-B131F27AB0EA}
		{00200030-2020-0050-0000-000000000000} = {4422A733-70C5-4B6B-8FA1-B131F27AB0EA}
		{00200030-2020-0080-0000-000000000000} = {4422A733-70C5-4B6B-8FA1-B131F27AB0EA}
		{00200030-2020-0070-0000-000000000000} = {4422A733-70C5-4B6B-8FA1-B131F27AB0EA}
		{00200030-2020-0040-0000-000000000000} = {4422A733-70C5-4B6B-8FA1-B131F27AB0EA}
		{00200030-3010-0060-0000-000000000000} = {25084848-3228-463F-8A34-F5F44BABFD03}
		{00200030-3010-0020-0000-000000000000} = {25084848-3228-463F-8A34-F5F44BABFD03}
		{00200030-3010-0040-0000-000000000000} = {25084848-3228-463F-8A34-F5F44BABFD03}
		{00200030-3010-0140-0000-000000000000} = {AAC7B6E3-0DDC-40A5-AAB5-0D486BCD8ADF}
		{00200030-3010-0100-0000-000000000000} = {AAC7B6E3-0DDC-40A5-AAB5-0D486BCD8ADF}
		{00200030-3010-0090-0000-000000000000} = {AAC7B6E3-0DDC-40A5-AAB5-0D486BCD8ADF}
		{00200030-3010-0130-0000-000000000000} = {DA7B004D-32D6-4B67-BFD5-D0FA21551E78}
		{00200030-3010-0120-0000-000000000000} = {DA7B004D-32D6-4B67-BFD5-D0FA21551E78}
		{00200030-4010-0100-0000-000000000000} = {BA3906A0-498C-4038-A1F8-5B26191759DD}
		{00200030-6000-0010-0000-000000000000} = {71FE7B9D-747B-4D0A-AD30-EE1FA19ADDEA}
		{00200030-6000-0020-0000-000000000000} = {6445FBBF-EE4D-4826-8F14-04C7641DE9BE}
	EndGlobalSection
	GlobalSection(ExtensibilityGlobals) = postSolution
		SolutionGuid = {61d41246-f0ee-4501-ab25-adb1cda0d7e1}
	EndGlobalSection
EndGlobal
